
Microsoft Visual Studio Solution File, Format Version 12.00
# Visual Studio Version 17
VisualStudioVersion = 17.14.36203.30
MinimumVisualStudioVersion = 10.0.40219.1
Project("{FAE04EC0-301F-11D3-BF4B-00C04F79EFBC}") = "CustomerService", "CustomerService\CustomerService.csproj", "{55EC6CE3-0365-49BF-9C3F-7D40BEC4B5D3}"
EndProject
Project("{FAE04EC0-301F-11D3-BF4B-00C04F79EFBC}") = "InventoryManagementService", "InventoryManagementService\InventoryManagementService.csproj", "{697AA155-1084-4458-918E-95DDC8140AAF}"
EndProject
Project("{FAE04EC0-301F-11D3-BF4B-00C04F79EFBC}") = "OrderService", "OrderService\OrderService.csproj", "{962EE915-F3B8-4B50-9669-3A0F996B4FD3}"
EndProject
Project("{FAE04EC0-301F-11D3-BF4B-00C04F79EFBC}") = "PaymentService", "PaymentService\PaymentService.csproj", "{A705310A-E1A9-4DCE-AE01-E41F47A92276}"
EndProject
Project("{E53339B2-1760-4266-BCC7-CA923CBCF16C}") = "docker-compose", "docker-compose.dcproj", "{81DDED9D-158B-E303-5F62-77A2896D2A5A}"
EndProject
Project("{FAE04EC0-301F-11D3-BF4B-00C04F79EFBC}") = "Shared.Infrastructure", "Shared.Infrastructure\Shared.Infrastructure.csproj", "{F44E792C-F58B-404B-AB1B-3A0FA5158089}"
EndProject
Global
	GlobalSection(SolutionConfigurationPlatforms) = preSolution
		Debug|Any CPU = Debug|Any CPU
		Release|Any CPU = Release|Any CPU
	EndGlobalSection
	GlobalSection(ProjectConfigurationPlatforms) = postSolution
		{55EC6CE3-0365-49BF-9C3F-7D40BEC4B5D3}.Debug|Any CPU.ActiveCfg = Debug|Any CPU
		{55EC6CE3-0365-49BF-9C3F-7D40BEC4B5D3}.Debug|Any CPU.Build.0 = Debug|Any CPU
		{55EC6CE3-0365-49BF-9C3F-7D40BEC4B5D3}.Release|Any CPU.ActiveCfg = Release|Any CPU
		{55EC6CE3-0365-49BF-9C3F-7D40BEC4B5D3}.Release|Any CPU.Build.0 = Release|Any CPU
		{697AA155-1084-4458-918E-95DDC8140AAF}.Debug|Any CPU.ActiveCfg = Debug|Any CPU
		{697AA155-1084-4458-918E-95DDC8140AAF}.Debug|Any CPU.Build.0 = Debug|Any CPU
		{697AA155-1084-4458-918E-95DDC8140AAF}.Release|Any CPU.ActiveCfg = Release|Any CPU
		{697AA155-1084-4458-918E-95DDC8140AAF}.Release|Any CPU.Build.0 = Release|Any CPU
		{962EE915-F3B8-4B50-9669-3A0F996B4FD3}.Debug|Any CPU.ActiveCfg = Debug|Any CPU
		{962EE915-F3B8-4B50-9669-3A0F996B4FD3}.Debug|Any CPU.Build.0 = Debug|Any CPU
		{962EE915-F3B8-4B50-9669-3A0F996B4FD3}.Release|Any CPU.ActiveCfg = Release|Any CPU
		{962EE915-F3B8-4B50-9669-3A0F996B4FD3}.Release|Any CPU.Build.0 = Release|Any CPU
		{A705310A-E1A9-4DCE-AE01-E41F47A92276}.Debug|Any CPU.ActiveCfg = Debug|Any CPU
		{A705310A-E1A9-4DCE-AE01-E41F47A92276}.Debug|Any CPU.Build.0 = Debug|Any CPU
		{A705310A-E1A9-4DCE-AE01-E41F47A92276}.Release|Any CPU.ActiveCfg = Release|Any CPU
		{A705310A-E1A9-4DCE-AE01-E41F47A92276}.Release|Any CPU.Build.0 = Release|Any CPU
		{81DDED9D-158B-E303-5F62-77A2896D2A5A}.Debug|Any CPU.ActiveCfg = Debug|Any CPU
		{81DDED9D-158B-E303-5F62-77A2896D2A5A}.Debug|Any CPU.Build.0 = Debug|Any CPU
		{81DDED9D-158B-E303-5F62-77A2896D2A5A}.Release|Any CPU.ActiveCfg = Release|Any CPU
		{81DDED9D-158B-E303-5F62-77A2896D2A5A}.Release|Any CPU.Build.0 = Release|Any CPU
		{F44E792C-F58B-404B-AB1B-3A0FA5158089}.Debug|Any CPU.ActiveCfg = Debug|Any CPU
		{F44E792C-F58B-404B-AB1B-3A0FA5158089}.Debug|Any CPU.Build.0 = Debug|Any CPU
		{F44E792C-F58B-404B-AB1B-3A0FA5158089}.Release|Any CPU.ActiveCfg = Release|Any CPU
		{F44E792C-F58B-404B-AB1B-3A0FA5158089}.Release|Any CPU.Build.0 = Release|Any CPU
	EndGlobalSection
	GlobalSection(SolutionProperties) = preSolution
		HideSolutionNode = FALSE
	EndGlobalSection
	GlobalSection(ExtensibilityGlobals) = postSolution
		SolutionGuid = {8EF05F57-555C-489A-91F5-141C04898B3C}
	EndGlobalSection
EndGlobal
